
Microsoft Visual Studio Solution File, Format Version 12.00
# Visual Studio 15
VisualStudioVersion = 15.0.28307.757
MinimumVisualStudioVersion = 10.0.40219.1
Project("{FAE04EC0-301F-11D3-BF4B-00C04F79EFBC}") = "Farm.Web", "Farm.Web\Farm.Web.csproj", "{E1FA42D8-4F11-4784-889A-EE3823C299DD}"
EndProject
Project("{FAE04EC0-301F-11D3-BF4B-00C04F79EFBC}") = "Farm.Data", "Farm.Data\Farm.Data.csproj", "{735BF261-EB32-4662-BA1F-AA0437AC2FE6}"
EndProject
Project("{FAE04EC0-301F-11D3-BF4B-00C04F79EFBC}") = "Farm.Domain", "Farm.Domain\Farm.Domain.csproj", "{DA342C22-67EC-4D09-B559-6DC7EF3C775B}"
EndProject
Global
	GlobalSection(SolutionConfigurationPlatforms) = preSolution
		Debug|Any CPU = Debug|Any CPU
		Release|Any CPU = Release|Any CPU
	EndGlobalSection
	GlobalSection(ProjectConfigurationPlatforms) = postSolution
		{E1FA42D8-4F11-4784-889A-EE3823C299DD}.Debug|Any CPU.ActiveCfg = Debug|Any CPU
		{E1FA42D8-4F11-4784-889A-EE3823C299DD}.Debug|Any CPU.Build.0 = Debug|Any CPU
		{E1FA42D8-4F11-4784-889A-EE3823C299DD}.Release|Any CPU.ActiveCfg = Release|Any CPU
		{E1FA42D8-4F11-4784-889A-EE3823C299DD}.Release|Any CPU.Build.0 = Release|Any CPU
		{735BF261-EB32-4662-BA1F-AA0437AC2FE6}.Debug|Any CPU.ActiveCfg = Debug|Any CPU
		{735BF261-EB32-4662-BA1F-AA0437AC2FE6}.Debug|Any CPU.Build.0 = Debug|Any CPU
		{735BF261-EB32-4662-BA1F-AA0437AC2FE6}.Release|Any CPU.ActiveCfg = Release|Any CPU
		{735BF261-EB32-4662-BA1F-AA0437AC2FE6}.Release|Any CPU.Build.0 = Release|Any CPU
		{DA342C22-67EC-4D09-B559-6DC7EF3C775B}.Debug|Any CPU.ActiveCfg = Debug|Any CPU
		{DA342C22-67EC-4D09-B559-6DC7EF3C775B}.Debug|Any CPU.Build.0 = Debug|Any CPU
		{DA342C22-67EC-4D09-B559-6DC7EF3C775B}.Release|Any CPU.ActiveCfg = Release|Any CPU
		{DA342C22-67EC-4D09-B559-6DC7EF3C775B}.Release|Any CPU.Build.0 = Release|Any CPU
	EndGlobalSection
	GlobalSection(SolutionProperties) = preSolution
		HideSolutionNode = FALSE
	EndGlobalSection
	GlobalSection(ExtensibilityGlobals) = postSolution
		SolutionGuid = {88C0DD98-A63D-4540-8411-1F24839B2744}
	EndGlobalSection
EndGlobal
